
Microsoft Visual Studio Solution File, Format Version 12.00
# Visual Studio Version 17
VisualStudioVersion = 17.7.34024.191
MinimumVisualStudioVersion = 10.0.40219.1
Project("{FAE04EC0-301F-11D3-BF4B-00C04F79EFBC}") = "DockerKubernetesDemo", "DockerKubernetesDemo.csproj", "{52070E4D-5E8F-4DB7-8CC7-5A4C07368349}"
EndProject
Global
	GlobalSection(SolutionConfigurationPlatforms) = preSolution
		Debug|Any CPU = Debug|Any CPU
		Release|Any CPU = Release|Any CPU
	EndGlobalSection
	GlobalSection(ProjectConfigurationPlatforms) = postSolution
		{52070E4D-5E8F-4DB7-8CC7-5A4C07368349}.Debug|Any CPU.ActiveCfg = Debug|Any CPU
		{52070E4D-5E8F-4DB7-8CC7-5A4C07368349}.Debug|Any CPU.Build.0 = Debug|Any CPU
		{52070E4D-5E8F-4DB7-8CC7-5A4C07368349}.Release|Any CPU.ActiveCfg = Release|Any CPU
		{52070E4D-5E8F-4DB7-8CC7-5A4C07368349}.Release|Any CPU.Build.0 = Release|Any CPU
	EndGlobalSection
	GlobalSection(SolutionProperties) = preSolution
		HideSolutionNode = FALSE
	EndGlobalSection
	GlobalSection(ExtensibilityGlobals) = postSolution
		SolutionGuid = {F40B5B56-AB50-4DC4-A78A-9D7A7CFD9F26}
	EndGlobalSection
EndGlobal
